
Microsoft Visual Studio Solution File, Format Version 12.00
# Visual Studio Version 16
VisualStudioVersion = 16.0.34601.136
MinimumVisualStudioVersion = 10.0.40219.1
Project("{FAE04EC0-301F-11D3-BF4B-00C04F79EFBC}") = "SistemaEsmeralda.Entities", "SistemaEsmeralda.Entities\SistemaEsmeralda.Entities.csproj", "{12AE9DD9-CBA7-469E-91CE-5E75B235A519}"
EndProject
Project("{FAE04EC0-301F-11D3-BF4B-00C04F79EFBC}") = "SistemaEsmeralda.DataAccess", "SistemaEsmeralda.DataAccess\SistemaEsmeralda.DataAccess.csproj", "{7F104E79-DE7F-4C07-98ED-B3CF77E34BC8}"
EndProject
Project("{FAE04EC0-301F-11D3-BF4B-00C04F79EFBC}") = "SistemaEsmeralda.BusinessLogic", "SistemaEsmeralda.BusinessLogic\SistemaEsmeralda.BusinessLogic.csproj", "{DE86705C-BCE2-4B37-BE80-7FDC03B9420F}"
EndProject
Project("{FAE04EC0-301F-11D3-BF4B-00C04F79EFBC}") = "SistemaEsmeralda.Common", "SistemaEsmeralda.Common\SistemaEsmeralda.Common.csproj", "{8111FF37-4A7C-412D-AB88-51CDC9521001}"
EndProject
Project("{FAE04EC0-301F-11D3-BF4B-00C04F79EFBC}") = "SistemaEsmeralda.API", "SistemaEsmeralda\SistemaEsmeralda.API.csproj", "{84205FB8-0C22-4D0B-AD1C-D20C077A87F5}"
EndProject
Global
	GlobalSection(SolutionConfigurationPlatforms) = preSolution
		Debug|Any CPU = Debug|Any CPU
		Release|Any CPU = Release|Any CPU
	EndGlobalSection
	GlobalSection(ProjectConfigurationPlatforms) = postSolution
		{12AE9DD9-CBA7-469E-91CE-5E75B235A519}.Debug|Any CPU.ActiveCfg = Debug|Any CPU
		{12AE9DD9-CBA7-469E-91CE-5E75B235A519}.Debug|Any CPU.Build.0 = Debug|Any CPU
		{12AE9DD9-CBA7-469E-91CE-5E75B235A519}.Release|Any CPU.ActiveCfg = Release|Any CPU
		{12AE9DD9-CBA7-469E-91CE-5E75B235A519}.Release|Any CPU.Build.0 = Release|Any CPU
		{7F104E79-DE7F-4C07-98ED-B3CF77E34BC8}.Debug|Any CPU.ActiveCfg = Debug|Any CPU
		{7F104E79-DE7F-4C07-98ED-B3CF77E34BC8}.Debug|Any CPU.Build.0 = Debug|Any CPU
		{7F104E79-DE7F-4C07-98ED-B3CF77E34BC8}.Release|Any CPU.ActiveCfg = Release|Any CPU
		{7F104E79-DE7F-4C07-98ED-B3CF77E34BC8}.Release|Any CPU.Build.0 = Release|Any CPU
		{DE86705C-BCE2-4B37-BE80-7FDC03B9420F}.Debug|Any CPU.ActiveCfg = Debug|Any CPU
		{DE86705C-BCE2-4B37-BE80-7FDC03B9420F}.Debug|Any CPU.Build.0 = Debug|Any CPU
		{DE86705C-BCE2-4B37-BE80-7FDC03B9420F}.Release|Any CPU.ActiveCfg = Release|Any CPU
		{DE86705C-BCE2-4B37-BE80-7FDC03B9420F}.Release|Any CPU.Build.0 = Release|Any CPU
		{8111FF37-4A7C-412D-AB88-51CDC9521001}.Debug|Any CPU.ActiveCfg = Debug|Any CPU
		{8111FF37-4A7C-412D-AB88-51CDC9521001}.Debug|Any CPU.Build.0 = Debug|Any CPU
		{8111FF37-4A7C-412D-AB88-51CDC9521001}.Release|Any CPU.ActiveCfg = Release|Any CPU
		{8111FF37-4A7C-412D-AB88-51CDC9521001}.Release|Any CPU.Build.0 = Release|Any CPU
		{84205FB8-0C22-4D0B-AD1C-D20C077A87F5}.Debug|Any CPU.ActiveCfg = Debug|Any CPU
		{84205FB8-0C22-4D0B-AD1C-D20C077A87F5}.Debug|Any CPU.Build.0 = Debug|Any CPU
		{84205FB8-0C22-4D0B-AD1C-D20C077A87F5}.Release|Any CPU.ActiveCfg = Release|Any CPU
		{84205FB8-0C22-4D0B-AD1C-D20C077A87F5}.Release|Any CPU.Build.0 = Release|Any CPU
	EndGlobalSection
	GlobalSection(SolutionProperties) = preSolution
		HideSolutionNode = FALSE
	EndGlobalSection
	GlobalSection(ExtensibilityGlobals) = postSolution
		SolutionGuid = {79E52576-562E-435D-A30C-960EF133B8A5}
	EndGlobalSection
EndGlobal
